github.com/gorilla/mux v1.7.1 h1:Dw4jY2nghMMRsh1ol8dv1axHkDwMQK2DHerMNJsIpJU=
github.com/gorilla/mux v1.7.1/go.mod h1:1lud6UwP+6orDFRuTfBEV8e9/aOM/c4fVVCaMa2zaAs=
github.com/gorilla/websocket v1.4.0 h1:WDFjx/TMzVgy9VdMMQi2K2Emtwi2QcUQsztZ/zLaH/Q=
github.com/gorilla/websocket v1.4.0/go.mod h1:E7qHFY5m1UJ88s3WnNqhKjPHQ0heANvMoAMk2YaljkQ=
github.com/zdnscloud/cement v0.0.0-20190419035655-dbe599d3f012 h1:vSaFzVlOYaHMTgnE/NvkQgbNs6S2PR4tsu30tGyZks4=
github.com/zdnscloud/cement v0.0.0-20190419035655-dbe599d3f012/go.mod h1:sV8GqHxkOhXAV8DUfOw93QyYjqsRlFf4A+XVpEuipn4=
